{
    "_readme": [
        "This file locks the dependencies of your project to a known state",
        "Read more about it at https://getcomposer.org/doc/01-basic-usage.md#composer-lock-the-lock-file",
        "This file is @generated automatically"
    ],
    "content-hash": "475bd1fa4eb0eaacfaadf3edd8bc9e34",
    "packages": [
        {
            "name": "chilldev/spintax",
            "version": "0.0.1",
            "target-dir": "ChillDev/Spintax",
            "source": {
                "type": "git",
                "url": "https://github.com/chilloutdevelopment/ChillDevSpintax.git",
                "reference": "901a93b249b25c28167ac692977e7601c399abdb"
            },
            "dist": {
                "type": "zip",
                "url": "https://api.github.com/repos/chilloutdevelopment/ChillDevSpintax/zipball/901a93b249b25c28167ac692977e7601c399abdb",
                "reference": "901a93b249b25c28167ac692977e7601c399abdb",
                "shasum": ""
            },
            "require": {
                "php": ">=5.4"
            },
            "require-dev": {
                "ext-xsl": "*",
                "phpmd/phpmd": "1.5.0",
                "phpunit/phpunit": "3.7.29",
                "satooshi/php-coveralls": "0.6.1",
                "sebastian/phpcpd": "2.0.0",
                "squizlabs/php_codesniffer": "1.5.1"
            },
            "type": "library",
            "autoload": {
                "psr-0": {
                    "ChillDev\\Spintax": ""
                }
            },
            "notification-url": "https://packagist.org/downloads/",
            "license": [
                "MIT"
            ],
            "authors": [
                {
                    "name": "Rafał Wrzeszcz",
                    "email": "rafal.wrzeszcz@wrzasq.pl",
                    "homepage": "http://wrzasq.pl/",
                    "role": "creator,manager,architect,developer"
                },
                {
                    "name": "Chillout Development",
                    "email": "biuro@chilldev.pl",
                    "homepage": "http://chilldev.pl/",
                    "role": "owner"
                }
            ],
            "description": "Spintax {parsing|processing} library.",
            "homepage": "http://chilloutdevelopment.github.com/ChillDevSpintax",
            "keywords": [
                "chilldev",
                "content generator",
                "seo",
                "spintax"
            ],
            "time": "2014-01-24T21:29:16+00:00"
        },
        {
            "name": "davechild/textstatistics",
            "version": "1.0.1",
            "source": {
                "type": "git",
                "url": "https://github.com/DaveChild/Text-Statistics.git",
                "reference": "6196462b4fe730a8ff0019036baf362295c161b3"
            },
            "dist": {
                "type": "zip",
                "url": "https://api.github.com/repos/DaveChild/Text-Statistics/zipball/6196462b4fe730a8ff0019036baf362295c161b3",
                "reference": "6196462b4fe730a8ff0019036baf362295c161b3",
                "shasum": ""
            },
            "require": {
                "php": ">=5.3.0"
            },
            "require-dev": {
                "phpunit/phpunit": "4.2.*"
            },
            "suggest": {
                "ext-bcmath": "More accurate floating point calculations.",
                "ext-mbstring": "Handle multi-byte text properly."
            },
            "type": "library",
            "extra": {
                "branch-alias": {
                    "dev-master": "1.0.x-dev"
                }
            },
            "autoload": {
                "psr-0": {
                    "DaveChild\\TextStatistics": "src"
                }
            },
            "notification-url": "https://packagist.org/downloads/",
            "license": [
                "BSD-2-Clause"
            ],
            "authors": [
                {
                    "name": "Dave Child",
                    "email": "dave@addedbytes.com",
                    "homepage": "https://www.addedbytes.com/",
                    "role": "Developer"
                }
            ],
            "description": "PHP package to measure the readability of text according to various algorithms.",
            "homepage": "https://github.com/DaveChild/Text-Statistics",
            "time": "2015-04-22T14:55:55+00:00"
        },
        {
            "name": "eftec/bladeone",
            "version": "3.0",
            "source": {
                "type": "git",
                "url": "https://github.com/EFTEC/BladeOne.git",
                "reference": "e8af1f90d4016f771809dfba8cc7c6de51a24b3f"
            },
            "dist": {
                "type": "zip",
                "url": "https://api.github.com/repos/EFTEC/BladeOne/zipball/e8af1f90d4016f771809dfba8cc7c6de51a24b3f",
                "reference": "e8af1f90d4016f771809dfba8cc7c6de51a24b3f",
                "shasum": ""
            },
            "require": {
                "php": ">=5.4"
            },
            "type": "library",
            "extra": {
                "branch-alias": {
                    "dev-master": "3-dev"
                }
            },
            "autoload": {
                "psr-4": {
                    "eftec\\": "lib/"
                }
            },
            "notification-url": "https://packagist.org/downloads/",
            "license": [
                "MIT"
            ],
            "authors": [
                {
                    "name": "Jorge Patricio Castro Castillo",
                    "email": "jcastro@eftec.cl"
                }
            ],
            "description": "The standalone version Blade Template Engine from Laravel in a single php file",
            "homepage": "https://github.com/EFTEC/BladeOne",
            "keywords": [
                "blade",
                "php",
                "template",
                "view"
            ],
            "time": "2018-07-12T18:08:51+00:00"
        },
        {
            "name": "hassankhan/config",
            "version": "1.0.1",
            "source": {
                "type": "git",
                "url": "https://github.com/hassankhan/config.git",
                "reference": "2065b1ff1e937dd93f72073667be59dcc53e6966"
            },
            "dist": {
                "type": "zip",
                "url": "https://api.github.com/repos/hassankhan/config/zipball/2065b1ff1e937dd93f72073667be59dcc53e6966",
                "reference": "2065b1ff1e937dd93f72073667be59dcc53e6966",
                "shasum": ""
            },
            "require": {
                "php": ">=5.5.9"
            },
            "require-dev": {
                "phpunit/phpunit": "~4.0",
                "scrutinizer/ocular": "~1.1",
                "squizlabs/php_codesniffer": "~2.2",
                "symfony/yaml": "~2.5"
            },
            "suggest": {
                "symfony/yaml": "~2.5"
            },
            "type": "library",
            "autoload": {
                "psr-4": {
                    "Noodlehaus\\": "src"
                }
            },
            "notification-url": "https://packagist.org/downloads/",
            "license": [
                "MIT"
            ],
            "authors": [
                {
                    "name": "Hassan Khan",
                    "homepage": "http://hassankhan.me/",
                    "role": "Developer"
                }
            ],
            "description": "Lightweight configuration file loader that supports PHP, INI, XML, JSON, and YAML files",
            "homepage": "http://hassankhan.me/config/",
            "keywords": [
                "config",
                "configuration",
                "ini",
                "json",
                "microphp",
                "unframework",
                "xml",
                "yaml",
                "yml"
            ],
            "time": "2018-03-31T13:21:58+00:00"
        }
    ],
    "packages-dev": [],
    "aliases": [],
    "minimum-stability": "stable",
    "stability-flags": [],
    "prefer-stable": false,
    "prefer-lowest": false,
    "platform": [],
    "platform-dev": []
}
